// !$*UTF8*$!
{
	archiveVersion = 1;
	classes = {
	};
	objectVersion = 48;
	objects = {

/* Begin PBXBuildFile section */
		02F42B922016A37F00A9A5C4 /* AppDelegate.swift in Sources */ = {isa = PBXBuildFile; fileRef = 02F42B912016A37F00A9A5C4 /* AppDelegate.swift */; };
		02F42B942016A37F00A9A5C4 /* ViewController.swift in Sources */ = {isa = PBXBuildFile; fileRef = 02F42B932016A37F00A9A5C4 /* ViewController.swift */; };
		02F42B972016A37F00A9A5C4 /* Main.storyboard in Resources */ = {isa = PBXBuildFile; fileRef = 02F42B952016A37F00A9A5C4 /* Main.storyboard */; };
		02F42B9A2016A37F00A9A5C4 /* umamiStar.xcdatamodeld in Sources */ = {isa = PBXBuildFile; fileRef = 02F42B982016A37F00A9A5C4 /* umamiStar.xcdatamodeld */; };
		02F42B9C2016A37F00A9A5C4 /* Assets.xcassets in Resources */ = {isa = PBXBuildFile; fileRef = 02F42B9B2016A37F00A9A5C4 /* Assets.xcassets */; };
		02F42B9F2016A37F00A9A5C4 /* LaunchScreen.storyboard in Resources */ = {isa = PBXBuildFile; fileRef = 02F42B9D2016A37F00A9A5C4 /* LaunchScreen.storyboard */; };
		02F42BAA2016A37F00A9A5C4 /* umamiStarTests.swift in Sources */ = {isa = PBXBuildFile; fileRef = 02F42BA92016A37F00A9A5C4 /* umamiStarTests.swift */; };
		02F42BB52016A38000A9A5C4 /* umamiStarUITests.swift in Sources */ = {isa = PBXBuildFile; fileRef = 02F42BB42016A38000A9A5C4 /* umamiStarUITests.swift */; };
/* End PBXBuildFile section */

/* Begin PBXContainerItemProxy section */
		02F42BA62016A37F00A9A5C4 /* PBXContainerItemProxy */ = {
			isa = PBXContainerItemProxy;
			containerPortal = 02F42B862016A37F00A9A5C4 /* Project object */;
			proxyType = 1;
			remoteGlobalIDString = 02F42B8D2016A37F00A9A5C4;
			remoteInfo = umamiStar;
		};
		02F42BB12016A38000A9A5C4 /* PBXContainerItemProxy */ = {
			isa = PBXContainerItemProxy;
			containerPortal = 02F42B862016A37F00A9A5C4 /* Project object */;
			proxyType = 1;
			remoteGlobalIDString = 02F42B8D2016A37F00A9A5C4;
			remoteInfo = umamiStar;
		};
/* End PBXContainerItemProxy section */

/* Begin PBXFileReference section */
		02F42B8E2016A37F00A9A5C4 /* umamiStar.app */ = {isa = PBXFileReference; explicitFileType = wrapper.application; includeInIndex = 0; path = umamiStar.app; sourceTree = BUILT_PRODUCTS_DIR; };
		02F42B912016A37F00A9A5C4 /* AppDelegate.swift */ = {isa = PBXFileReference; lastKnownFileType = sourcecode.swift; path = AppDelegate.swift; sourceTree = "<group>"; };
		02F42B932016A37F00A9A5C4 /* ViewController.swift */ = {isa = PBXFileReference; lastKnownFileType = sourcecode.swift; path = ViewController.swift; sourceTree = "<group>"; };
		02F42B962016A37F00A9A5C4 /* Base */ = {isa = PBXFileReference; lastKnownFileType = file.storyboard; name = Base; path = Base.lproj/Main.storyboard; sourceTree = "<group>"; };
		02F42B992016A37F00A9A5C4 /* umamiStar.xcdatamodel */ = {isa = PBXFileReference; lastKnownFileType = wrapper.xcdatamodel; path = umamiStar.xcdatamodel; sourceTree = "<group>"; };
		02F42B9B2016A37F00A9A5C4 /* Assets.xcassets */ = {isa = PBXFileReference; lastKnownFileType = folder.assetcatalog; path = Assets.xcassets; sourceTree = "<group>"; };
		02F42B9E2016A37F00A9A5C4 /* Base */ = {isa = PBXFileReference; lastKnownFileType = file.storyboard; name = Base; path = Base.lproj/LaunchScreen.storyboard; sourceTree = "<group>"; };
		02F42BA02016A37F00A9A5C4 /* Info.plist */ = {isa = PBXFileReference; lastKnownFileType = text.plist.xml; path = Info.plist; sourceTree = "<group>"; };
		02F42BA52016A37F00A9A5C4 /* umamiStarTests.xctest */ = {isa = PBXFileReference; explicitFileType = wrapper.cfbundle; includeInIndex = 0; path = umamiStarTests.xctest; sourceTree = BUILT_PRODUCTS_DIR; };
		02F42BA92016A37F00A9A5C4 /* umamiStarTests.swift */ = {isa = PBXFileReference; lastKnownFileType = sourcecode.swift; path = umamiStarTests.swift; sourceTree = "<group>"; };
		02F42BAB2016A37F00A9A5C4 /* Info.plist */ = {isa = PBXFileReference; lastKnownFileType = text.plist.xml; path = Info.plist; sourceTree = "<group>"; };
		02F42BB02016A38000A9A5C4 /* umamiStarUITests.xctest */ = {isa = PBXFileReference; explicitFileType = wrapper.cfbundle; includeInIndex = 0; path = umamiStarUITests.xctest; sourceTree = BUILT_PRODUCTS_DIR; };
		02F42BB42016A38000A9A5C4 /* umamiStarUITests.swift */ = {isa = PBXFileReference; lastKnownFileType = sourcecode.swift; path = umamiStarUITests.swift; sourceTree = "<group>"; };
		02F42BB62016A38000A9A5C4 /* Info.plist */ = {isa = PBXFileReference; lastKnownFileType = text.plist.xml; path = Info.plist; sourceTree = "<group>"; };
/* End PBXFileReference section */

/* Begin PBXFrameworksBuildPhase section */
		02F42B8B2016A37F00A9A5C4 /* Frameworks */ = {
			isa = PBXFrameworksBuildPhase;
			buildActionMask = 2147483647;
			files = (
			);
			runOnlyForDeploymentPostprocessing = 0;
		};
		02F42BA22016A37F00A9A5C4 /* Frameworks */ = {
			isa = PBXFrameworksBuildPhase;
			buildActionMask = 2147483647;
			files = (
			);
			runOnlyForDeploymentPostprocessing = 0;
		};
		02F42BAD2016A38000A9A5C4 /* Frameworks */ = {
			isa = PBXFrameworksBuildPhase;
			buildActionMask = 2147483647;
			files = (
			);
			runOnlyForDeploymentPostprocessing = 0;
		};
/* End PBXFrameworksBuildPhase section */

/* Begin PBXGroup section */
		02F42B852016A37F00A9A5C4 = {
			isa = PBXGroup;
			children = (
				02F42B902016A37F00A9A5C4 /* umamiStar */,
				02F42BA82016A37F00A9A5C4 /* umamiStarTests */,
				02F42BB32016A38000A9A5C4 /* umamiStarUITests */,
				02F42B8F2016A37F00A9A5C4 /* Products */,
			);
			sourceTree = "<group>";
		};
		02F42B8F2016A37F00A9A5C4 /* Products */ = {
			isa = PBXGroup;
			children = (
				02F42B8E2016A37F00A9A5C4 /* umamiStar.app */,
				02F42BA52016A37F00A9A5C4 /* umamiStarTests.xctest */,
				02F42BB02016A38000A9A5C4 /* umamiStarUITests.xctest */,
			);
			name = Products;
			sourceTree = "<group>";
		};
		02F42B902016A37F00A9A5C4 /* umamiStar */ = {
			isa = PBXGroup;
			children = (
				02F42B912016A37F00A9A5C4 /* AppDelegate.swift */,
				02F42B932016A37F00A9A5C4 /* ViewController.swift */,
				02F42B952016A37F00A9A5C4 /* Main.storyboard */,
				02F42B9B2016A37F00A9A5C4 /* Assets.xcassets */,
				02F42B9D2016A37F00A9A5C4 /* LaunchScreen.storyboard */,
				02F42BA02016A37F00A9A5C4 /* Info.plist */,
				02F42B982016A37F00A9A5C4 /* umamiStar.xcdatamodeld */,
			);
			path = umamiStar;
			sourceTree = "<group>";
		};
		02F42BA82016A37F00A9A5C4 /* umamiStarTests */ = {
			isa = PBXGroup;
			children = (
				02F42BA92016A37F00A9A5C4 /* umamiStarTests.swift */,
				02F42BAB2016A37F00A9A5C4 /* Info.plist */,
			);
			path = umamiStarTests;
			sourceTree = "<group>";
		};
		02F42BB32016A38000A9A5C4 /* umamiStarUITests */ = {
			isa = PBXGroup;
			children = (
				02F42BB42016A38000A9A5C4 /* umamiStarUITests.swift */,
				02F42BB62016A38000A9A5C4 /* Info.plist */,
			);
			path = umamiStarUITests;
			sourceTree = "<group>";
		};
/* End PBXGroup section */

/* Begin PBXNativeTarget section */
		02F42B8D2016A37F00A9A5C4 /* umamiStar */ = {
			isa = PBXNativeTarget;
			buildConfigurationList = 02F42BB92016A38000A9A5C4 /* Build configuration list for PBXNativeTarget "umamiStar" */;
			buildPhases = (
				02F42B8A2016A37F00A9A5C4 /* Sources */,
				02F42B8B2016A37F00A9A5C4 /* Frameworks */,
				02F42B8C2016A37F00A9A5C4 /* Resources */,
			);
			buildRules = (
			);
			dependencies = (
			);
			name = umamiStar;
			productName = umamiStar;
			productReference = 02F42B8E2016A37F00A9A5C4 /* umamiStar.app */;
			productType = "com.apple.product-type.application";
		};
		02F42BA42016A37F00A9A5C4 /* umamiStarTests */ = {
			isa = PBXNativeTarget;
			buildConfigurationList = 02F42BBC2016A38000A9A5C4 /* Build configuration list for PBXNativeTarget "umamiStarTests" */;
			buildPhases = (
				02F42BA12016A37F00A9A5C4 /* Sources */,
				02F42BA22016A37F00A9A5C4 /* Frameworks */,
				02F42BA32016A37F00A9A5C4 /* Resources */,
			);
			buildRules = (
			);
			dependencies = (
				02F42BA72016A37F00A9A5C4 /* PBXTargetDependency */,
			);
			name = umamiStarTests;
			productName = umamiStarTests;
			productReference = 02F42BA52016A37F00A9A5C4 /* umamiStarTests.xctest */;
			productType = "com.apple.product-type.bundle.unit-test";
		};
		02F42BAF2016A38000A9A5C4 /* umamiStarUITests */ = {
			isa = PBXNativeTarget;
			buildConfigurationList = 02F42BBF2016A38000A9A5C4 /* Build configuration list for PBXNativeTarget "umamiStarUITests" */;
			buildPhases = (
				02F42BAC2016A38000A9A5C4 /* Sources */,
				02F42BAD2016A38000A9A5C4 /* Frameworks */,
				02F42BAE2016A38000A9A5C4 /* Resources */,
			);
			buildRules = (
			);
			dependencies = (
				02F42BB22016A38000A9A5C4 /* PBXTargetDependency */,
			);
			name = umamiStarUITests;
			productName = umamiStarUITests;
			productReference = 02F42BB02016A38000A9A5C4 /* umamiStarUITests.xctest */;
			productType = "com.apple.product-type.bundle.ui-testing";
		};
/* End PBXNativeTarget section */

/* Begin PBXProject section */
		02F42B862016A37F00A9A5C4 /* Project object */ = {
			isa = PBXProject;
			attributes = {
				LastSwiftUpdateCheck = 0920;
				LastUpgradeCheck = 0920;
				ORGANIZATIONNAME = "Brendan Stanton";
				TargetAttributes = {
					02F42B8D2016A37F00A9A5C4 = {
						CreatedOnToolsVersion = 9.2;
						ProvisioningStyle = Automatic;
					};
					02F42BA42016A37F00A9A5C4 = {
						CreatedOnToolsVersion = 9.2;
						ProvisioningStyle = Automatic;
						TestTargetID = 02F42B8D2016A37F00A9A5C4;
					};
					02F42BAF2016A38000A9A5C4 = {
						CreatedOnToolsVersion = 9.2;
						ProvisioningStyle = Automatic;
						TestTargetID = 02F42B8D2016A37F00A9A5C4;
					};
				};
			};
			buildConfigurationList = 02F42B892016A37F00A9A5C4 /* Build configuration list for PBXProject "umamiStar" */;
			compatibilityVersion = "Xcode 8.0";
			developmentRegion = en;
			hasScannedForEncodings = 0;
			knownRegions = (
				en,
				Base,
			);
			mainGroup = 02F42B852016A37F00A9A5C4;
			productRefGroup = 02F42B8F2016A37F00A9A5C4 /* Products */;
			projectDirPath = "";
			projectRoot = "";
			targets = (
				02F42B8D2016A37F00A9A5C4 /* umamiStar */,
				02F42BA42016A37F00A9A5C4 /* umamiStarTests */,
				02F42BAF2016A38000A9A5C4 /* umamiStarUITests */,
			);
		};
/* End PBXProject section */

/* Begin PBXResourcesBuildPhase section */
		02F42B8C2016A37F00A9A5C4 /* Resources */ = {
			isa = PBXResourcesBuildPhase;
			buildActionMask = 2147483647;
			files = (
				02F42B9F2016A37F00A9A5C4 /* LaunchScreen.storyboard in Resources */,
				02F42B9C2016A37F00A9A5C4 /* Assets.xcassets in Resources */,
				02F42B972016A37F00A9A5C4 /* Main.storyboard in Resources */,
			);
			runOnlyForDeploymentPostprocessing = 0;
		};
		02F42BA32016A37F00A9A5C4 /* Resources */ = {
			isa = PBXResourcesBuildPhase;
			buildActionMask = 2147483647;
			files = (
			);
			runOnlyForDeploymentPostprocessing = 0;
		};
		02F42BAE2016A38000A9A5C4 /* Resources */ = {
			isa = PBXResourcesBuildPhase;
			buildActionMask = 2147483647;
			files = (
			);
			runOnlyForDeploymentPostprocessing = 0;
		};
/* End PBXResourcesBuildPhase section */

/* Begin PBXSourcesBuildPhase section */
		02F42B8A2016A37F00A9A5C4 /* Sources */ = {
			isa = PBXSourcesBuildPhase;
			buildActionMask = 2147483647;
			files = (
				02F42B942016A37F00A9A5C4 /* ViewController.swift in Sources */,
				02F42B922016A37F00A9A5C4 /* AppDelegate.swift in Sources */,
				02F42B9A2016A37F00A9A5C4 /* umamiStar.xcdatamodeld in Sources */,
			);
			runOnlyForDeploymentPostprocessing = 0;
		};
		02F42BA12016A37F00A9A5C4 /* Sources */ = {
			isa = PBXSourcesBuildPhase;
			buildActionMask = 2147483647;
			files = (
				02F42BAA2016A37F00A9A5C4 /* umamiStarTests.swift in Sources */,
			);
			runOnlyForDeploymentPostprocessing = 0;
		};
		02F42BAC2016A38000A9A5C4 /* Sources */ = {
			isa = PBXSourcesBuildPhase;
			buildActionMask = 2147483647;
			files = (
				02F42BB52016A38000A9A5C4 /* umamiStarUITests.swift in Sources */,
			);
			runOnlyForDeploymentPostprocessing = 0;
		};
/* End PBXSourcesBuildPhase section */

/* Begin PBXTargetDependency section */
		02F42BA72016A37F00A9A5C4 /* PBXTargetDependency */ = {
			isa = PBXTargetDependency;
			target = 02F42B8D2016A37F00A9A5C4 /* umamiStar */;
			targetProxy = 02F42BA62016A37F00A9A5C4 /* PBXContainerItemProxy */;
		};
		02F42BB22016A38000A9A5C4 /* PBXTargetDependency */ = {
			isa = PBXTargetDependency;
			target = 02F42B8D2016A37F00A9A5C4 /* umamiStar */;
			targetProxy = 02F42BB12016A38000A9A5C4 /* PBXContainerItemProxy */;
		};
/* End PBXTargetDependency section */

/* Begin PBXVariantGroup section */
		02F42B952016A37F00A9A5C4 /* Main.storyboard */ = {
			isa = PBXVariantGroup;
			children = (
				02F42B962016A37F00A9A5C4 /* Base */,
			);
			name = Main.storyboard;
			sourceTree = "<group>";
		};
		02F42B9D2016A37F00A9A5C4 /* LaunchScreen.storyboard */ = {
			isa = PBXVariantGroup;
			children = (
				02F42B9E2016A37F00A9A5C4 /* Base */,
			);
			name = LaunchScreen.storyboard;
			sourceTree = "<group>";
		};
/* End PBXVariantGroup section */

/* Begin XCBuildConfiguration section */
		02F42BB72016A38000A9A5C4 /* Debug */ = {
			isa = XCBuildConfiguration;
			buildSettings = {
				ALWAYS_SEARCH_USER_PATHS = NO;
				CLANG_ANALYZER_NONNULL = YES;
				CLANG_ANALYZER_NUMBER_OBJECT_CONVERSION = YES_AGGRESSIVE;
				CLANG_CXX_LANGUAGE_STANDARD = "gnu++14";
				CLANG_CXX_LIBRARY = "libc++";
				CLANG_ENABLE_MODULES = YES;
				CLANG_ENABLE_OBJC_ARC = YES;
				CLANG_WARN_BLOCK_CAPTURE_AUTORELEASING = YES;
				CLANG_WARN_BOOL_CONVERSION = YES;
				CLANG_WARN_COMMA = YES;
				CLANG_WARN_CONSTANT_CONVERSION = YES;
				CLANG_WARN_DIRECT_OBJC_ISA_USAGE = YES_ERROR;
				CLANG_WARN_DOCUMENTATION_COMMENTS = YES;
				CLANG_WARN_EMPTY_BODY = YES;
				CLANG_WARN_ENUM_CONVERSION = YES;
				CLANG_WARN_INFINITE_RECURSION = YES;
				CLANG_WARN_INT_CONVERSION = YES;
				CLANG_WARN_NON_LITERAL_NULL_CONVERSION = YES;
				CLANG_WARN_OBJC_LITERAL_CONVERSION = YES;
				CLANG_WARN_OBJC_ROOT_CLASS = YES_ERROR;
				CLANG_WARN_RANGE_LOOP_ANALYSIS = YES;
				CLANG_WARN_STRICT_PROTOTYPES = YES;
				CLANG_WARN_SUSPICIOUS_MOVE = YES;
				CLANG_WARN_UNGUARDED_AVAILABILITY = YES_AGGRESSIVE;
				CLANG_WARN_UNREACHABLE_CODE = YES;
				CLANG_WARN__DUPLICATE_METHOD_MATCH = YES;
				CODE_SIGN_IDENTITY = "iPhone Developer";
				COPY_PHASE_STRIP = NO;
				DEBUG_INFORMATION_FORMAT = dwarf;
				ENABLE_STRICT_OBJC_MSGSEND = YES;
				ENABLE_TESTABILITY = YES;
				GCC_C_LANGUAGE_STANDARD = gnu11;
				GCC_DYNAMIC_NO_PIC = NO;
				GCC_NO_COMMON_BLOCKS = YES;
				GCC_OPTIMIZATION_LEVEL = 0;
				GCC_PREPROCESSOR_DEFINITIONS = (
					"DEBUG=1",
					"$(inherited)",
				);
				GCC_WARN_64_TO_32_BIT_CONVERSION = YES;
				GCC_WARN_ABOUT_RETURN_TYPE = YES_ERROR;
				GCC_WARN_UNDECLARED_SELECTOR = YES;
				GCC_WARN_UNINITIALIZED_AUTOS = YES_AGGRESSIVE;
				GCC_WARN_UNUSED_FUNCTION = YES;
				GCC_WARN_UNUSED_VARIABLE = YES;
				IPHONEOS_DEPLOYMENT_TARGET = 11.2;
				MTL_ENABLE_DEBUG_INFO = YES;
				ONLY_ACTIVE_ARCH = YES;
				SDKROOT = iphoneos;
				SWIFT_ACTIVE_COMPILATION_CONDITIONS = DEBUG;
				SWIFT_OPTIMIZATION_LEVEL = "-Onone";
			};
			name = Debug;
		};
		02F42BB82016A38000A9A5C4 /* Release */ = {
			isa = XCBuildConfiguration;
			buildSettings = {
				ALWAYS_SEARCH_USER_PATHS = NO;
				CLANG_ANALYZER_NONNULL = YES;
				CLANG_ANALYZER_NUMBER_OBJECT_CONVERSION = YES_AGGRESSIVE;
				CLANG_CXX_LANGUAGE_STANDARD = "gnu++14";
				CLANG_CXX_LIBRARY = "libc++";
				CLANG_ENABLE_MODULES = YES;
				CLANG_ENABLE_OBJC_ARC = YES;
				CLANG_WARN_BLOCK_CAPTURE_AUTORELEASING = YES;
				CLANG_WARN_BOOL_CONVERSION = YES;
				CLANG_WARN_COMMA = YES;
				CLANG_WARN_CONSTANT_CONVERSION = YES;
				CLANG_WARN_DIRECT_OBJC_ISA_USAGE = YES_ERROR;
				CLANG_WARN_DOCUMENTATION_COMMENTS = YES;
				CLANG_WARN_EMPTY_BODY = YES;
				CLANG_WARN_ENUM_CONVERSION = YES;
				CLANG_WARN_INFINITE_RECURSION = YES;
				CLANG_WARN_INT_CONVERSION = YES;
				CLANG_WARN_NON_LITERAL_NULL_CONVERSION = YES;
				CLANG_WARN_OBJC_LITERAL_CONVERSION = YES;
				CLANG_WARN_OBJC_ROOT_CLASS = YES_ERROR;
				CLANG_WARN_RANGE_LOOP_ANALYSIS = YES;
				CLANG_WARN_STRICT_PROTOTYPES = YES;
				CLANG_WARN_SUSPICIOUS_MOVE = YES;
				CLANG_WARN_UNGUARDED_AVAILABILITY = YES_AGGRESSIVE;
				CLANG_WARN_UNREACHABLE_CODE = YES;
				CLANG_WARN__DUPLICATE_METHOD_MATCH = YES;
				CODE_SIGN_IDENTITY = "iPhone Developer";
				COPY_PHASE_STRIP = NO;
				DEBUG_INFORMATION_FORMAT = "dwarf-with-dsym";
				ENABLE_NS_ASSERTIONS = NO;
				ENABLE_STRICT_OBJC_MSGSEND = YES;
				GCC_C_LANGUAGE_STANDARD = gnu11;
				GCC_NO_COMMON_BLOCKS = YES;
				GCC_WARN_64_TO_32_BIT_CONVERSION = YES;
				GCC_WARN_ABOUT_RETURN_TYPE = YES_ERROR;
				GCC_WARN_UNDECLARED_SELECTOR = YES;
				GCC_WARN_UNINITIALIZED_AUTOS = YES_AGGRESSIVE;
				GCC_WARN_UNUSED_FUNCTION = YES;
				GCC_WARN_UNUSED_VARIABLE = YES;
				IPHONEOS_DEPLOYMENT_TARGET = 11.2;
				MTL_ENABLE_DEBUG_INFO = NO;
				SDKROOT = iphoneos;
				SWIFT_OPTIMIZATION_LEVEL = "-Owholemodule";
				VALIDATE_PRODUCT = YES;
			};
			name = Release;
		};
		02F42BBA2016A38000A9A5C4 /* Debug */ = {
			isa = XCBuildConfiguration;
			buildSettings = {
				ASSETCATALOG_COMPILER_APPICON_NAME = AppIcon;
				CODE_SIGN_STYLE = Automatic;
				DEVELOPMENT_TEAM = BN7WSW2M3E;
				INFOPLIST_FILE = umamiStar/Info.plist;
				LD_RUNPATH_SEARCH_PATHS = "$(inherited) @executable_path/Frameworks";
				PRODUCT_BUNDLE_IDENTIFIER = com.bearsvsdinosaurs.umamiStar;
				PRODUCT_NAME = "$(TARGET_NAME)";
				SWIFT_VERSION = 4.0;
				TARGETED_DEVICE_FAMILY = "1,2";
			};
			name = Debug;
		};
		02F42BBB2016A38000A9A5C4 /* Release */ = {
			isa = XCBuildConfiguration;
			buildSettings = {
				ASSETCATALOG_COMPILER_APPICON_NAME = AppIcon;
				CODE_SIGN_STYLE = Automatic;
				DEVELOPMENT_TEAM = BN7WSW2M3E;
				INFOPLIST_FILE = umamiStar/Info.plist;
				LD_RUNPATH_SEARCH_PATHS = "$(inherited) @executable_path/Frameworks";
				PRODUCT_BUNDLE_IDENTIFIER = com.bearsvsdinosaurs.umamiStar;
				PRODUCT_NAME = "$(TARGET_NAME)";
				SWIFT_VERSION = 4.0;
				TARGETED_DEVICE_FAMILY = "1,2";
			};
			name = Release;
		};
		02F42BBD2016A38000A9A5C4 /* Debug */ = {
			isa = XCBuildConfiguration;
			buildSettings = {
				ALWAYS_EMBED_SWIFT_STANDARD_LIBRARIES = YES;
				BUNDLE_LOADER = "$(TEST_HOST)";
				CODE_SIGN_STYLE = Automatic;
				DEVELOPMENT_TEAM = BN7WSW2M3E;
				INFOPLIST_FILE = umamiStarTests/Info.plist;
				LD_RUNPATH_SEARCH_PATHS = "$(inherited) @executable_path/Frameworks @loader_path/Frameworks";
				PRODUCT_BUNDLE_IDENTIFIER = com.bearsvsdinosaurs.umamiStarTests;
				PRODUCT_NAME = "$(TARGET_NAME)";
				SWIFT_VERSION = 4.0;
				TARGETED_DEVICE_FAMILY = "1,2";
				TEST_HOST = "$(BUILT_PRODUCTS_DIR)/umamiStar.app/umamiStar";
			};
			name = Debug;
		};
		02F42BBE2016A38000A9A5C4 /* Release */ = {
			isa = XCBuildConfiguration;
			buildSettings = {
				ALWAYS_EMBED_SWIFT_STANDARD_LIBRARIES = YES;
				BUNDLE_LOADER = "$(TEST_HOST)";
				CODE_SIGN_STYLE = Automatic;
				DEVELOPMENT_TEAM = BN7WSW2M3E;
				INFOPLIST_FILE = umamiStarTests/Info.plist;
				LD_RUNPATH_SEARCH_PATHS = "$(inherited) @executable_path/Frameworks @loader_path/Frameworks";
				PRODUCT_BUNDLE_IDENTIFIER = com.bearsvsdinosaurs.umamiStarTests;
				PRODUCT_NAME = "$(TARGET_NAME)";
				SWIFT_VERSION = 4.0;
				TARGETED_DEVICE_FAMILY = "1,2";
				TEST_HOST = "$(BUILT_PRODUCTS_DIR)/umamiStar.app/umamiStar";
			};
			name = Release;
		};
		02F42BC02016A38000A9A5C4 /* Debug */ = {
			isa = XCBuildConfiguration;
			buildSettings = {
				ALWAYS_EMBED_SWIFT_STANDARD_LIBRARIES = YES;
				CODE_SIGN_STYLE = Automatic;
				DEVELOPMENT_TEAM = BN7WSW2M3E;
				INFOPLIST_FILE = umamiStarUITests/Info.plist;
				LD_RUNPATH_SEARCH_PATHS = "$(inherited) @executable_path/Frameworks @loader_path/Frameworks";
				PRODUCT_BUNDLE_IDENTIFIER = com.bearsvsdinosaurs.umamiStarUITests;
				PRODUCT_NAME = "$(TARGET_NAME)";
				SWIFT_VERSION = 4.0;
				TARGETED_DEVICE_FAMILY = "1,2";
				TEST_TARGET_NAME = umamiStar;
			};
			name = Debug;
		};
		02F42BC12016A38000A9A5C4 /* Release */ = {
			isa = XCBuildConfiguration;
			buildSettings = {
				ALWAYS_EMBED_SWIFT_STANDARD_LIBRARIES = YES;
				CODE_SIGN_STYLE = Automatic;
				DEVELOPMENT_TEAM = BN7WSW2M3E;
				INFOPLIST_FILE = umamiStarUITests/Info.plist;
				LD_RUNPATH_SEARCH_PATHS = "$(inherited) @executable_path/Frameworks @loader_path/Frameworks";
				PRODUCT_BUNDLE_IDENTIFIER = com.bearsvsdinosaurs.umamiStarUITests;
				PRODUCT_NAME = "$(TARGET_NAME)";
				SWIFT_VERSION = 4.0;
				TARGETED_DEVICE_FAMILY = "1,2";
				TEST_TARGET_NAME = umamiStar;
			};
			name = Release;
		};
/* End XCBuildConfiguration section */

/* Begin XCConfigurationList section */
		02F42B892016A37F00A9A5C4 /* Build configuration list for PBXProject "umamiStar" */ = {
			isa = XCConfigurationList;
			buildConfigurations = (
				02F42BB72016A38000A9A5C4 /* Debug */,
				02F42BB82016A38000A9A5C4 /* Release */,
			);
			defaultConfigurationIsVisible = 0;
			defaultConfigurationName = Release;
		};
		02F42BB92016A38000A9A5C4 /* Build configuration list for PBXNativeTarget "umamiStar" */ = {
			isa = XCConfigurationList;
			buildConfigurations = (
				02F42BBA2016A38000A9A5C4 /* Debug */,
				02F42BBB2016A38000A9A5C4 /* Release */,
			);
			defaultConfigurationIsVisible = 0;
			defaultConfigurationName = Release;
		};
		02F42BBC2016A38000A9A5C4 /* Build configuration list for PBXNativeTarget "umamiStarTests" */ = {
			isa = XCConfigurationList;
			buildConfigurations = (
				02F42BBD2016A38000A9A5C4 /* Debug */,
				02F42BBE2016A38000A9A5C4 /* Release */,
			);
			defaultConfigurationIsVisible = 0;
			defaultConfigurationName = Release;
		};
		02F42BBF2016A38000A9A5C4 /* Build configuration list for PBXNativeTarget "umamiStarUITests" */ = {
			isa = XCConfigurationList;
			buildConfigurations = (
				02F42BC02016A38000A9A5C4 /* Debug */,
				02F42BC12016A38000A9A5C4 /* Release */,
			);
			defaultConfigurationIsVisible = 0;
			defaultConfigurationName = Release;
		};
/* End XCConfigurationList section */

/* Begin XCVersionGroup section */
		02F42B982016A37F00A9A5C4 /* umamiStar.xcdatamodeld */ = {
			isa = XCVersionGroup;
			children = (
				02F42B992016A37F00A9A5C4 /* umamiStar.xcdatamodel */,
			);
			currentVersion = 02F42B992016A37F00A9A5C4 /* umamiStar.xcdatamodel */;
			path = umamiStar.xcdatamodeld;
			sourceTree = "<group>";
			versionGroupType = wrapper.xcdatamodel;
		};
/* End XCVersionGroup section */
	};
	rootObject = 02F42B862016A37F00A9A5C4 /* Project object */;
}
